
Microsoft Visual Studio Solution File, Format Version 12.00
# Visual Studio Version 16
VisualStudioVersion = 16.0.29306.81
MinimumVisualStudioVersion = 10.0.40219.1
Project("{FAE04EC0-301F-11D3-BF4B-00C04F79EFBC}") = "PresentationLayer", "Su-projekt\PresentationLayer.csproj", "{C0267C0B-B4F5-4399-86D9-A6F11BBB99E3}"
EndProject
Project("{FAE04EC0-301F-11D3-BF4B-00C04F79EFBC}") = "DataLayer", "DataLayer\DataLayer.csproj", "{0ECB4F07-CAD1-4C62-AE8C-604335F9C7B7}"
EndProject
Project("{FAE04EC0-301F-11D3-BF4B-00C04F79EFBC}") = "BusinessLayer", "BusinessLayer\BusinessLayer.csproj", "{637EDC59-BB9F-4411-AD31-47F0791C3034}"
EndProject
Global
	GlobalSection(SolutionConfigurationPlatforms) = preSolution
		Debug|Any CPU = Debug|Any CPU
		Debug|ARM = Debug|ARM
		Debug|ARM64 = Debug|ARM64
		Debug|x64 = Debug|x64
		Debug|x86 = Debug|x86
		Release|Any CPU = Release|Any CPU
		Release|ARM = Release|ARM
		Release|ARM64 = Release|ARM64
		Release|x64 = Release|x64
		Release|x86 = Release|x86
	EndGlobalSection
	GlobalSection(ProjectConfigurationPlatforms) = postSolution
		{C0267C0B-B4F5-4399-86D9-A6F11BBB99E3}.Debug|Any CPU.ActiveCfg = Debug|Any CPU
		{C0267C0B-B4F5-4399-86D9-A6F11BBB99E3}.Debug|Any CPU.Build.0 = Debug|Any CPU
		{C0267C0B-B4F5-4399-86D9-A6F11BBB99E3}.Debug|ARM.ActiveCfg = Debug|Any CPU
		{C0267C0B-B4F5-4399-86D9-A6F11BBB99E3}.Debug|ARM.Build.0 = Debug|Any CPU
		{C0267C0B-B4F5-4399-86D9-A6F11BBB99E3}.Debug|ARM64.ActiveCfg = Debug|Any CPU
		{C0267C0B-B4F5-4399-86D9-A6F11BBB99E3}.Debug|ARM64.Build.0 = Debug|Any CPU
		{C0267C0B-B4F5-4399-86D9-A6F11BBB99E3}.Debug|x64.ActiveCfg = Debug|Any CPU
		{C0267C0B-B4F5-4399-86D9-A6F11BBB99E3}.Debug|x64.Build.0 = Debug|Any CPU
		{C0267C0B-B4F5-4399-86D9-A6F11BBB99E3}.Debug|x86.ActiveCfg = Debug|Any CPU
		{C0267C0B-B4F5-4399-86D9-A6F11BBB99E3}.Debug|x86.Build.0 = Debug|Any CPU
		{C0267C0B-B4F5-4399-86D9-A6F11BBB99E3}.Release|Any CPU.ActiveCfg = Release|Any CPU
		{C0267C0B-B4F5-4399-86D9-A6F11BBB99E3}.Release|Any CPU.Build.0 = Release|Any CPU
		{C0267C0B-B4F5-4399-86D9-A6F11BBB99E3}.Release|ARM.ActiveCfg = Release|Any CPU
		{C0267C0B-B4F5-4399-86D9-A6F11BBB99E3}.Release|ARM.Build.0 = Release|Any CPU
		{C0267C0B-B4F5-4399-86D9-A6F11BBB99E3}.Release|ARM64.ActiveCfg = Release|Any CPU
		{C0267C0B-B4F5-4399-86D9-A6F11BBB99E3}.Release|ARM64.Build.0 = Release|Any CPU
		{C0267C0B-B4F5-4399-86D9-A6F11BBB99E3}.Release|x64.ActiveCfg = Release|Any CPU
		{C0267C0B-B4F5-4399-86D9-A6F11BBB99E3}.Release|x64.Build.0 = Release|Any CPU
		{C0267C0B-B4F5-4399-86D9-A6F11BBB99E3}.Release|x86.ActiveCfg = Release|Any CPU
		{C0267C0B-B4F5-4399-86D9-A6F11BBB99E3}.Release|x86.Build.0 = Release|Any CPU
		{0ECB4F07-CAD1-4C62-AE8C-604335F9C7B7}.Debug|Any CPU.ActiveCfg = Debug|Any CPU
		{0ECB4F07-CAD1-4C62-AE8C-604335F9C7B7}.Debug|Any CPU.Build.0 = Debug|Any CPU
		{0ECB4F07-CAD1-4C62-AE8C-604335F9C7B7}.Debug|ARM.ActiveCfg = Debug|Any CPU
		{0ECB4F07-CAD1-4C62-AE8C-604335F9C7B7}.Debug|ARM.Build.0 = Debug|Any CPU
		{0ECB4F07-CAD1-4C62-AE8C-604335F9C7B7}.Debug|ARM64.ActiveCfg = Debug|Any CPU
		{0ECB4F07-CAD1-4C62-AE8C-604335F9C7B7}.Debug|ARM64.Build.0 = Debug|Any CPU
		{0ECB4F07-CAD1-4C62-AE8C-604335F9C7B7}.Debug|x64.ActiveCfg = Debug|Any CPU
		{0ECB4F07-CAD1-4C62-AE8C-604335F9C7B7}.Debug|x64.Build.0 = Debug|Any CPU
		{0ECB4F07-CAD1-4C62-AE8C-604335F9C7B7}.Debug|x86.ActiveCfg = Debug|Any CPU
		{0ECB4F07-CAD1-4C62-AE8C-604335F9C7B7}.Debug|x86.Build.0 = Debug|Any CPU
		{0ECB4F07-CAD1-4C62-AE8C-604335F9C7B7}.Release|Any CPU.ActiveCfg = Release|Any CPU
		{0ECB4F07-CAD1-4C62-AE8C-604335F9C7B7}.Release|Any CPU.Build.0 = Release|Any CPU
		{0ECB4F07-CAD1-4C62-AE8C-604335F9C7B7}.Release|ARM.ActiveCfg = Release|Any CPU
		{0ECB4F07-CAD1-4C62-AE8C-604335F9C7B7}.Release|ARM.Build.0 = Release|Any CPU
		{0ECB4F07-CAD1-4C62-AE8C-604335F9C7B7}.Release|ARM64.ActiveCfg = Release|Any CPU
		{0ECB4F07-CAD1-4C62-AE8C-604335F9C7B7}.Release|ARM64.Build.0 = Release|Any CPU
		{0ECB4F07-CAD1-4C62-AE8C-604335F9C7B7}.Release|x64.ActiveCfg = Release|Any CPU
		{0ECB4F07-CAD1-4C62-AE8C-604335F9C7B7}.Release|x64.Build.0 = Release|Any CPU
		{0ECB4F07-CAD1-4C62-AE8C-604335F9C7B7}.Release|x86.ActiveCfg = Release|Any CPU
		{0ECB4F07-CAD1-4C62-AE8C-604335F9C7B7}.Release|x86.Build.0 = Release|Any CPU
		{637EDC59-BB9F-4411-AD31-47F0791C3034}.Debug|Any CPU.ActiveCfg = Debug|Any CPU
		{637EDC59-BB9F-4411-AD31-47F0791C3034}.Debug|Any CPU.Build.0 = Debug|Any CPU
		{637EDC59-BB9F-4411-AD31-47F0791C3034}.Debug|ARM.ActiveCfg = Debug|Any CPU
		{637EDC59-BB9F-4411-AD31-47F0791C3034}.Debug|ARM.Build.0 = Debug|Any CPU
		{637EDC59-BB9F-4411-AD31-47F0791C3034}.Debug|ARM64.ActiveCfg = Debug|Any CPU
		{637EDC59-BB9F-4411-AD31-47F0791C3034}.Debug|ARM64.Build.0 = Debug|Any CPU
		{637EDC59-BB9F-4411-AD31-47F0791C3034}.Debug|x64.ActiveCfg = Debug|Any CPU
		{637EDC59-BB9F-4411-AD31-47F0791C3034}.Debug|x64.Build.0 = Debug|Any CPU
		{637EDC59-BB9F-4411-AD31-47F0791C3034}.Debug|x86.ActiveCfg = Debug|Any CPU
		{637EDC59-BB9F-4411-AD31-47F0791C3034}.Debug|x86.Build.0 = Debug|Any CPU
		{637EDC59-BB9F-4411-AD31-47F0791C3034}.Release|Any CPU.ActiveCfg = Release|Any CPU
		{637EDC59-BB9F-4411-AD31-47F0791C3034}.Release|Any CPU.Build.0 = Release|Any CPU
		{637EDC59-BB9F-4411-AD31-47F0791C3034}.Release|ARM.ActiveCfg = Release|Any CPU
		{637EDC59-BB9F-4411-AD31-47F0791C3034}.Release|ARM.Build.0 = Release|Any CPU
		{637EDC59-BB9F-4411-AD31-47F0791C3034}.Release|ARM64.ActiveCfg = Release|Any CPU
		{637EDC59-BB9F-4411-AD31-47F0791C3034}.Release|ARM64.Build.0 = Release|Any CPU
		{637EDC59-BB9F-4411-AD31-47F0791C3034}.Release|x64.ActiveCfg = Release|Any CPU
		{637EDC59-BB9F-4411-AD31-47F0791C3034}.Release|x64.Build.0 = Release|Any CPU
		{637EDC59-BB9F-4411-AD31-47F0791C3034}.Release|x86.ActiveCfg = Release|Any CPU
		{637EDC59-BB9F-4411-AD31-47F0791C3034}.Release|x86.Build.0 = Release|Any CPU
	EndGlobalSection
	GlobalSection(SolutionProperties) = preSolution
		HideSolutionNode = FALSE
	EndGlobalSection
	GlobalSection(ExtensibilityGlobals) = postSolution
		SolutionGuid = {D2B9E243-9ED4-4285-8FBC-0B1B1B511BCF}
	EndGlobalSection
EndGlobal
